
Microsoft Visual Studio Solution File, Format Version 12.00
# Visual Studio Version 17
VisualStudioVersion = 17.10.35004.147
MinimumVisualStudioVersion = 10.0.40219.1
Project("{8BC9CEB8-8B4A-11D0-8D11-00A0C91BC942}") = "bai 9", "bai 9\bai 9.vcxproj", "{1EC3EBA4-EDF9-42F5-B60E-0E930092C1FA}"
EndProject
Global
	GlobalSection(SolutionConfigurationPlatforms) = preSolution
		Debug|x64 = Debug|x64
		Debug|x86 = Debug|x86
		Release|x64 = Release|x64
		Release|x86 = Release|x86
	EndGlobalSection
	GlobalSection(ProjectConfigurationPlatforms) = postSolution
		{1EC3EBA4-EDF9-42F5-B60E-0E930092C1FA}.Debug|x64.ActiveCfg = Debug|x64
		{1EC3EBA4-EDF9-42F5-B60E-0E930092C1FA}.Debug|x64.Build.0 = Debug|x64
		{1EC3EBA4-EDF9-42F5-B60E-0E930092C1FA}.Debug|x86.ActiveCfg = Debug|Win32
		{1EC3EBA4-EDF9-42F5-B60E-0E930092C1FA}.Debug|x86.Build.0 = Debug|Win32
		{1EC3EBA4-EDF9-42F5-B60E-0E930092C1FA}.Release|x64.ActiveCfg = Release|x64
		{1EC3EBA4-EDF9-42F5-B60E-0E930092C1FA}.Release|x64.Build.0 = Release|x64
		{1EC3EBA4-EDF9-42F5-B60E-0E930092C1FA}.Release|x86.ActiveCfg = Release|Win32
		{1EC3EBA4-EDF9-42F5-B60E-0E930092C1FA}.Release|x86.Build.0 = Release|Win32
	EndGlobalSection
	GlobalSection(SolutionProperties) = preSolution
		HideSolutionNode = FALSE
	EndGlobalSection
	GlobalSection(ExtensibilityGlobals) = postSolution
		SolutionGuid = {488E00EA-D56B-4330-A82F-BCEE4A6D33DF}
	EndGlobalSection
EndGlobal
